{
  "originHash" : "448c144ad1f2da0fa21d4269f87cb0e6436a6c9888afb51920850faf9548b9d8",
  "pins" : [
    {
      "identity" : "settings",
      "kind" : "remoteSourceControl",
      "location" : "https://github.com/sindresorhus/Settings",
      "state" : {
        "revision" : "879ea83a7bbc6dbebf62bed8c547f090146372a6",
        "version" : "3.1.1"
      }
    },
    {
      "identity" : "wcode-webview",
      "kind" : "remoteSourceControl",
      "location" : "https://github.com/darwinx64/wcode-webview",
      "state" : {
        "branch" : "main",
        "revision" : "551dba54087f22afbb00a7584a59c58143cf6a9f"
      }
    }
  ],
  "version" : 3
}
