{
  "originHash" : "6afa9bd8033a88895c1979fbf7cb7a26d0a7e0df005fd9bc2a0443e3b2e380ff",
  "pins" : [
    {
      "identity" : "settings",
      "kind" : "remoteSourceControl",
      "location" : "https://github.com/sindresorhus/Settings",
      "state" : {
        "revision" : "879ea83a7bbc6dbebf62bed8c547f090146372a6",
        "version" : "3.1.1"
      }
    },
    {
      "identity" : "wcode-webview",
      "kind" : "remoteSourceControl",
      "location" : "https://github.com/darwinx64/wcode-webview",
      "state" : {
        "branch" : "main",
        "revision" : "59914c32c54cda156d1fc570697fecef53b890a2"
      }
    },
    {
      "identity" : "whatsnewkit",
      "kind" : "remoteSourceControl",
      "location" : "https://github.com/SvenTiigi/WhatsNewKit",
      "state" : {
        "revision" : "6157c77e8be9b3d2310bc680681b61a8d9e290ac",
        "version" : "2.2.1"
      }
    }
  ],
  "version" : 3
}
