{
  "originHash" : "a59c0a1e8568494796397be1aad592586ba4baddc98ca45e73e31e18a82c84f6",
  "pins" : [
    {
      "identity" : "settings",
      "kind" : "remoteSourceControl",
      "location" : "https://github.com/sindresorhus/Settings",
      "state" : {
        "revision" : "879ea83a7bbc6dbebf62bed8c547f090146372a6",
        "version" : "3.1.1"
      }
    },
    {
      "identity" : "swiftui-webview",
      "kind" : "remoteSourceControl",
      "location" : "https://github.com/globulus/swiftui-webview",
      "state" : {
        "revision" : "f9be55089c020268760d626abbadd643a2b1ca4a",
        "version" : "1.0.8"
      }
    }
  ],
  "version" : 3
}
